
Microsoft Visual Studio Solution File, Format Version 12.00
Project("{FAE04EC0-301F-11D3-BF4B-00C04F79EFBC}") = "GrpcDemo.Server", "GrpcDemo.Server\GrpcDemo.Server.csproj", "{B6955823-D3F2-4230-960B-ED9832FCFC3F}"
EndProject
Project("{FAE04EC0-301F-11D3-BF4B-00C04F79EFBC}") = "GrpcDemo.Proto", "GrpcDemo.Proto\GrpcDemo.Proto.csproj", "{3CBDC2D2-22AE-4B49-8362-45F9CE510702}"
EndProject
Project("{FAE04EC0-301F-11D3-BF4B-00C04F79EFBC}") = "GrpcDemo.Client", "GrpcDemo.Client\GrpcDemo.Client.csproj", "{DFDEC6D9-97C8-4224-B07B-1D73C30EFA82}"
EndProject
Global
	GlobalSection(SolutionConfigurationPlatforms) = preSolution
		Debug|Any CPU = Debug|Any CPU
		Release|Any CPU = Release|Any CPU
	EndGlobalSection
	GlobalSection(ProjectConfigurationPlatforms) = postSolution
		{B6955823-D3F2-4230-960B-ED9832FCFC3F}.Debug|Any CPU.ActiveCfg = Debug|Any CPU
		{B6955823-D3F2-4230-960B-ED9832FCFC3F}.Debug|Any CPU.Build.0 = Debug|Any CPU
		{B6955823-D3F2-4230-960B-ED9832FCFC3F}.Release|Any CPU.ActiveCfg = Release|Any CPU
		{B6955823-D3F2-4230-960B-ED9832FCFC3F}.Release|Any CPU.Build.0 = Release|Any CPU
		{3CBDC2D2-22AE-4B49-8362-45F9CE510702}.Debug|Any CPU.ActiveCfg = Debug|Any CPU
		{3CBDC2D2-22AE-4B49-8362-45F9CE510702}.Debug|Any CPU.Build.0 = Debug|Any CPU
		{3CBDC2D2-22AE-4B49-8362-45F9CE510702}.Release|Any CPU.ActiveCfg = Release|Any CPU
		{3CBDC2D2-22AE-4B49-8362-45F9CE510702}.Release|Any CPU.Build.0 = Release|Any CPU
		{DFDEC6D9-97C8-4224-B07B-1D73C30EFA82}.Debug|Any CPU.ActiveCfg = Debug|Any CPU
		{DFDEC6D9-97C8-4224-B07B-1D73C30EFA82}.Debug|Any CPU.Build.0 = Debug|Any CPU
		{DFDEC6D9-97C8-4224-B07B-1D73C30EFA82}.Release|Any CPU.ActiveCfg = Release|Any CPU
		{DFDEC6D9-97C8-4224-B07B-1D73C30EFA82}.Release|Any CPU.Build.0 = Release|Any CPU
	EndGlobalSection
EndGlobal
